// !$*UTF8*$!
{
	archiveVersion = 1;
	classes = {
	};
	objectVersion = 56;
	objects = {

/* Begin PBXBuildFile section */
		CF16758A2BE7C9870026A4C0 /* BaseNavigationController.swift in Sources */ = {isa = PBXBuildFile; fileRef = CF1675892BE7C9870026A4C0 /* BaseNavigationController.swift */; };
		CF16758D2BEB86320026A4C0 /* Advertise.swift in Sources */ = {isa = PBXBuildFile; fileRef = CF16758C2BEB86320026A4C0 /* Advertise.swift */; };
		CF1675912BEB8AB70026A4C0 /* AdvertiseProtocol.swift in Sources */ = {isa = PBXBuildFile; fileRef = CF1675902BEB8AB70026A4C0 /* AdvertiseProtocol.swift */; };
		CF1675932BEB8DA60026A4C0 /* AdvertiseService.swift in Sources */ = {isa = PBXBuildFile; fileRef = CF1675922BEB8DA60026A4C0 /* AdvertiseService.swift */; };
		CF1675952BEB93EE0026A4C0 /* GlobalVeriables.swift in Sources */ = {isa = PBXBuildFile; fileRef = CF1675942BEB93EE0026A4C0 /* GlobalVeriables.swift */; };
		CF19D2E22BE6AC850090C7C7 /* GoogleMaps in Frameworks */ = {isa = PBXBuildFile; productRef = CF19D2E12BE6AC850090C7C7 /* GoogleMaps */; };
		CF19D2E42BE6AC850090C7C7 /* GoogleMapsBase in Frameworks */ = {isa = PBXBuildFile; productRef = CF19D2E32BE6AC850090C7C7 /* GoogleMapsBase */; };
		CF19D2E62BE6AC850090C7C7 /* GoogleMapsCore in Frameworks */ = {isa = PBXBuildFile; productRef = CF19D2E52BE6AC850090C7C7 /* GoogleMapsCore */; };
		CF19D2E82BE6AC850090C7C7 /* GoogleMapsM4B in Frameworks */ = {isa = PBXBuildFile; productRef = CF19D2E72BE6AC850090C7C7 /* GoogleMapsM4B */; };
		CF19D2EB2BE6ADF60090C7C7 /* FirebaseAnalytics in Frameworks */ = {isa = PBXBuildFile; productRef = CF19D2EA2BE6ADF60090C7C7 /* FirebaseAnalytics */; };
		CF19D2ED2BE6ADF60090C7C7 /* FirebaseAnalyticsOnDeviceConversion in Frameworks */ = {isa = PBXBuildFile; productRef = CF19D2EC2BE6ADF60090C7C7 /* FirebaseAnalyticsOnDeviceConversion */; };
		CF19D2EF2BE6ADF60090C7C7 /* FirebaseAnalyticsSwift in Frameworks */ = {isa = PBXBuildFile; productRef = CF19D2EE2BE6ADF60090C7C7 /* FirebaseAnalyticsSwift */; };
		CF19D2F12BE6ADF60090C7C7 /* FirebaseAnalyticsWithoutAdIdSupport in Frameworks */ = {isa = PBXBuildFile; productRef = CF19D2F02BE6ADF60090C7C7 /* FirebaseAnalyticsWithoutAdIdSupport */; };
		CF19D2F32BE6ADF60090C7C7 /* FirebaseAppCheck in Frameworks */ = {isa = PBXBuildFile; productRef = CF19D2F22BE6ADF60090C7C7 /* FirebaseAppCheck */; };
		CF19D2F62BE6B1AC0090C7C7 /* FirebaseFirestore in Frameworks */ = {isa = PBXBuildFile; productRef = CF19D2F52BE6B1AC0090C7C7 /* FirebaseFirestore */; };
		CF19D2F82BE6B1C00090C7C7 /* FirebaseAuth in Frameworks */ = {isa = PBXBuildFile; productRef = CF19D2F72BE6B1C00090C7C7 /* FirebaseAuth */; };
		CF62B3DE2BDEA0B60020E29E /* AppDelegate.swift in Sources */ = {isa = PBXBuildFile; fileRef = CF62B3DD2BDEA0B60020E29E /* AppDelegate.swift */; };
		CF62B3E02BDEA0B60020E29E /* SceneDelegate.swift in Sources */ = {isa = PBXBuildFile; fileRef = CF62B3DF2BDEA0B60020E29E /* SceneDelegate.swift */; };
		CF62B3E52BDEA0B60020E29E /* Base in Resources */ = {isa = PBXBuildFile; fileRef = CF62B3E42BDEA0B60020E29E /* Base */; };
		CF62B3E72BDEA0B80020E29E /* Assets.xcassets in Resources */ = {isa = PBXBuildFile; fileRef = CF62B3E62BDEA0B80020E29E /* Assets.xcassets */; };
		CF62B3EA2BDEA0B80020E29E /* Base in Resources */ = {isa = PBXBuildFile; fileRef = CF62B3E92BDEA0B80020E29E /* Base */; };
		CF62B3F62BDEA47A0020E29E /* DashboardViewController.swift in Sources */ = {isa = PBXBuildFile; fileRef = CF62B3F52BDEA47A0020E29E /* DashboardViewController.swift */; };
		CF62B3FA2BDEA4F50020E29E /* UserLoginViewController.swift in Sources */ = {isa = PBXBuildFile; fileRef = CF62B3F92BDEA4F40020E29E /* UserLoginViewController.swift */; };
		CF62B3FC2BDEA5030020E29E /* UserRegisterViewController.swift in Sources */ = {isa = PBXBuildFile; fileRef = CF62B3FB2BDEA5030020E29E /* UserRegisterViewController.swift */; };
		CF62B4002BDEAACE0020E29E /* UserHomeTabbarController.swift in Sources */ = {isa = PBXBuildFile; fileRef = CF62B3FF2BDEAACE0020E29E /* UserHomeTabbarController.swift */; };
		CF62B4022BDEAE510020E29E /* UserHomeViewController.swift in Sources */ = {isa = PBXBuildFile; fileRef = CF62B4012BDEAE510020E29E /* UserHomeViewController.swift */; };
		CF62B4042BDEAE650020E29E /* UserFavoritesViewController.swift in Sources */ = {isa = PBXBuildFile; fileRef = CF62B4032BDEAE650020E29E /* UserFavoritesViewController.swift */; };
		CF62B4062BDEAE8B0020E29E /* UserReportsViewController.swift in Sources */ = {isa = PBXBuildFile; fileRef = CF62B4052BDEAE8B0020E29E /* UserReportsViewController.swift */; };
		CF62B4082BDEAE9B0020E29E /* UserProfileViewController.swift in Sources */ = {isa = PBXBuildFile; fileRef = CF62B4072BDEAE9B0020E29E /* UserProfileViewController.swift */; };
		CF62B40B2BDEB0940020E29E /* User.swift in Sources */ = {isa = PBXBuildFile; fileRef = CF62B40A2BDEB0940020E29E /* User.swift */; };
		CF62B4102BDEBF5E0020E29E /* AuthProtocol.swift in Sources */ = {isa = PBXBuildFile; fileRef = CF62B40F2BDEBF5E0020E29E /* AuthProtocol.swift */; };
		CF62B4142BDEC6720020E29E /* GoogleService-Info.plist in Resources */ = {isa = PBXBuildFile; fileRef = CF62B4132BDEC6720020E29E /* GoogleService-Info.plist */; };
		CF9D92DB2BE67AFB00E50CA1 /* AdvertiseAddViewController.swift in Sources */ = {isa = PBXBuildFile; fileRef = CF9D92DA2BE67AFB00E50CA1 /* AdvertiseAddViewController.swift */; };
		CFAE83DB2BE2C1B000999945 /* Company.swift in Sources */ = {isa = PBXBuildFile; fileRef = CFAE83DA2BE2C1B000999945 /* Company.swift */; };
		CFAE83DE2BE2C3BC00999945 /* AuthService.swift in Sources */ = {isa = PBXBuildFile; fileRef = CFAE83DD2BE2C3BC00999945 /* AuthService.swift */; };
		CFAE83E42BE2C79900999945 /* CompanyLoginViewController.swift in Sources */ = {isa = PBXBuildFile; fileRef = CFAE83E32BE2C79900999945 /* CompanyLoginViewController.swift */; };
		CFAE83E62BE2C7AA00999945 /* CompanyRegisterViewController.swift in Sources */ = {isa = PBXBuildFile; fileRef = CFAE83E52BE2C7AA00999945 /* CompanyRegisterViewController.swift */; };
		CFAE83E82BE2C7D600999945 /* CompanyHomeTabbarController.swift in Sources */ = {isa = PBXBuildFile; fileRef = CFAE83E72BE2C7D600999945 /* CompanyHomeTabbarController.swift */; };
		CFAE83EA2BE2C86A00999945 /* CompanyAdvertiseViewController.swift in Sources */ = {isa = PBXBuildFile; fileRef = CFAE83E92BE2C86A00999945 /* CompanyAdvertiseViewController.swift */; };
		CFAE83EC2BE2C89B00999945 /* CompanyJobApplicationViewController.swift in Sources */ = {isa = PBXBuildFile; fileRef = CFAE83EB2BE2C89B00999945 /* CompanyJobApplicationViewController.swift */; };
		CFAE83EE2BE2C8B200999945 /* CompanyReportsViewController.swift in Sources */ = {isa = PBXBuildFile; fileRef = CFAE83ED2BE2C8B100999945 /* CompanyReportsViewController.swift */; };
		CFAE83F02BE2C8C400999945 /* CompanyProfileViewController.swift in Sources */ = {isa = PBXBuildFile; fileRef = CFAE83EF2BE2C8C400999945 /* CompanyProfileViewController.swift */; };
		CFEDDC602BEFEC8A0064CF0F /* Sector.swift in Sources */ = {isa = PBXBuildFile; fileRef = CFEDDC5F2BEFEC8A0064CF0F /* Sector.swift */; };
		CFEDDC632BEFF16A0064CF0F /* Jobs.swift in Sources */ = {isa = PBXBuildFile; fileRef = CFEDDC622BEFF16A0064CF0F /* Jobs.swift */; };
		CFEDDC692BEFF6EF0064CF0F /* SectorProtocol.swift in Sources */ = {isa = PBXBuildFile; fileRef = CFEDDC682BEFF6EF0064CF0F /* SectorProtocol.swift */; };
		CFEDDC6D2BEFF7560064CF0F /* JobProtocol.swift in Sources */ = {isa = PBXBuildFile; fileRef = CFEDDC6C2BEFF7560064CF0F /* JobProtocol.swift */; };
		CFEDDC722BEFF8710064CF0F /* SectorService.swift in Sources */ = {isa = PBXBuildFile; fileRef = CFEDDC712BEFF8710064CF0F /* SectorService.swift */; };
		CFEDDC742BEFF88A0064CF0F /* JobService.swift in Sources */ = {isa = PBXBuildFile; fileRef = CFEDDC732BEFF88A0064CF0F /* JobService.swift */; };
		CFEDDC762BF002100064CF0F /* JobDetail.swift in Sources */ = {isa = PBXBuildFile; fileRef = CFEDDC752BF002100064CF0F /* JobDetail.swift */; };
/* End PBXBuildFile section */

/* Begin PBXFileReference section */
		CF1675892BE7C9870026A4C0 /* BaseNavigationController.swift */ = {isa = PBXFileReference; lastKnownFileType = sourcecode.swift; path = BaseNavigationController.swift; sourceTree = "<group>"; };
		CF16758C2BEB86320026A4C0 /* Advertise.swift */ = {isa = PBXFileReference; lastKnownFileType = sourcecode.swift; path = Advertise.swift; sourceTree = "<group>"; };
		CF1675902BEB8AB70026A4C0 /* AdvertiseProtocol.swift */ = {isa = PBXFileReference; lastKnownFileType = sourcecode.swift; path = AdvertiseProtocol.swift; sourceTree = "<group>"; };
		CF1675922BEB8DA60026A4C0 /* AdvertiseService.swift */ = {isa = PBXFileReference; lastKnownFileType = sourcecode.swift; path = AdvertiseService.swift; sourceTree = "<group>"; };
		CF1675942BEB93EE0026A4C0 /* GlobalVeriables.swift */ = {isa = PBXFileReference; lastKnownFileType = sourcecode.swift; path = GlobalVeriables.swift; sourceTree = "<group>"; };
		CF62B3DA2BDEA0B60020E29E /* JobFinderApp.app */ = {isa = PBXFileReference; explicitFileType = wrapper.application; includeInIndex = 0; path = JobFinderApp.app; sourceTree = BUILT_PRODUCTS_DIR; };
		CF62B3DD2BDEA0B60020E29E /* AppDelegate.swift */ = {isa = PBXFileReference; lastKnownFileType = sourcecode.swift; path = AppDelegate.swift; sourceTree = "<group>"; };
		CF62B3DF2BDEA0B60020E29E /* SceneDelegate.swift */ = {isa = PBXFileReference; lastKnownFileType = sourcecode.swift; path = SceneDelegate.swift; sourceTree = "<group>"; };
		CF62B3E42BDEA0B60020E29E /* Base */ = {isa = PBXFileReference; lastKnownFileType = file.storyboard; name = Base; path = Base.lproj/Main.storyboard; sourceTree = "<group>"; };
		CF62B3E62BDEA0B80020E29E /* Assets.xcassets */ = {isa = PBXFileReference; lastKnownFileType = folder.assetcatalog; path = Assets.xcassets; sourceTree = "<group>"; };
		CF62B3E92BDEA0B80020E29E /* Base */ = {isa = PBXFileReference; lastKnownFileType = file.storyboard; name = Base; path = Base.lproj/LaunchScreen.storyboard; sourceTree = "<group>"; };
		CF62B3EB2BDEA0B80020E29E /* Info.plist */ = {isa = PBXFileReference; lastKnownFileType = text.plist.xml; path = Info.plist; sourceTree = "<group>"; };
		CF62B3F52BDEA47A0020E29E /* DashboardViewController.swift */ = {isa = PBXFileReference; lastKnownFileType = sourcecode.swift; path = DashboardViewController.swift; sourceTree = "<group>"; };
		CF62B3F92BDEA4F40020E29E /* UserLoginViewController.swift */ = {isa = PBXFileReference; lastKnownFileType = sourcecode.swift; path = UserLoginViewController.swift; sourceTree = "<group>"; };
		CF62B3FB2BDEA5030020E29E /* UserRegisterViewController.swift */ = {isa = PBXFileReference; lastKnownFileType = sourcecode.swift; path = UserRegisterViewController.swift; sourceTree = "<group>"; };
		CF62B3FF2BDEAACE0020E29E /* UserHomeTabbarController.swift */ = {isa = PBXFileReference; lastKnownFileType = sourcecode.swift; path = UserHomeTabbarController.swift; sourceTree = "<group>"; };
		CF62B4012BDEAE510020E29E /* UserHomeViewController.swift */ = {isa = PBXFileReference; lastKnownFileType = sourcecode.swift; path = UserHomeViewController.swift; sourceTree = "<group>"; };
		CF62B4032BDEAE650020E29E /* UserFavoritesViewController.swift */ = {isa = PBXFileReference; lastKnownFileType = sourcecode.swift; path = UserFavoritesViewController.swift; sourceTree = "<group>"; };
		CF62B4052BDEAE8B0020E29E /* UserReportsViewController.swift */ = {isa = PBXFileReference; lastKnownFileType = sourcecode.swift; path = UserReportsViewController.swift; sourceTree = "<group>"; };
		CF62B4072BDEAE9B0020E29E /* UserProfileViewController.swift */ = {isa = PBXFileReference; lastKnownFileType = sourcecode.swift; path = UserProfileViewController.swift; sourceTree = "<group>"; };
		CF62B40A2BDEB0940020E29E /* User.swift */ = {isa = PBXFileReference; lastKnownFileType = sourcecode.swift; path = User.swift; sourceTree = "<group>"; };
		CF62B40F2BDEBF5E0020E29E /* AuthProtocol.swift */ = {isa = PBXFileReference; lastKnownFileType = sourcecode.swift; path = AuthProtocol.swift; sourceTree = "<group>"; };
		CF62B4132BDEC6720020E29E /* GoogleService-Info.plist */ = {isa = PBXFileReference; fileEncoding = 4; lastKnownFileType = text.plist.xml; path = "GoogleService-Info.plist"; sourceTree = SOURCE_ROOT; };
		CF9D92DA2BE67AFB00E50CA1 /* AdvertiseAddViewController.swift */ = {isa = PBXFileReference; lastKnownFileType = sourcecode.swift; path = AdvertiseAddViewController.swift; sourceTree = "<group>"; };
		CFAE83DA2BE2C1B000999945 /* Company.swift */ = {isa = PBXFileReference; lastKnownFileType = sourcecode.swift; path = Company.swift; sourceTree = "<group>"; };
		CFAE83DD2BE2C3BC00999945 /* AuthService.swift */ = {isa = PBXFileReference; lastKnownFileType = sourcecode.swift; path = AuthService.swift; sourceTree = "<group>"; };
		CFAE83E32BE2C79900999945 /* CompanyLoginViewController.swift */ = {isa = PBXFileReference; lastKnownFileType = sourcecode.swift; path = CompanyLoginViewController.swift; sourceTree = "<group>"; };
		CFAE83E52BE2C7AA00999945 /* CompanyRegisterViewController.swift */ = {isa = PBXFileReference; lastKnownFileType = sourcecode.swift; path = CompanyRegisterViewController.swift; sourceTree = "<group>"; };
		CFAE83E72BE2C7D600999945 /* CompanyHomeTabbarController.swift */ = {isa = PBXFileReference; lastKnownFileType = sourcecode.swift; path = CompanyHomeTabbarController.swift; sourceTree = "<group>"; };
		CFAE83E92BE2C86A00999945 /* CompanyAdvertiseViewController.swift */ = {isa = PBXFileReference; lastKnownFileType = sourcecode.swift; path = CompanyAdvertiseViewController.swift; sourceTree = "<group>"; };
		CFAE83EB2BE2C89B00999945 /* CompanyJobApplicationViewController.swift */ = {isa = PBXFileReference; lastKnownFileType = sourcecode.swift; path = CompanyJobApplicationViewController.swift; sourceTree = "<group>"; };
		CFAE83ED2BE2C8B100999945 /* CompanyReportsViewController.swift */ = {isa = PBXFileReference; lastKnownFileType = sourcecode.swift; path = CompanyReportsViewController.swift; sourceTree = "<group>"; };
		CFAE83EF2BE2C8C400999945 /* CompanyProfileViewController.swift */ = {isa = PBXFileReference; lastKnownFileType = sourcecode.swift; path = CompanyProfileViewController.swift; sourceTree = "<group>"; };
		CFEDDC5F2BEFEC8A0064CF0F /* Sector.swift */ = {isa = PBXFileReference; lastKnownFileType = sourcecode.swift; path = Sector.swift; sourceTree = "<group>"; };
		CFEDDC622BEFF16A0064CF0F /* Jobs.swift */ = {isa = PBXFileReference; lastKnownFileType = sourcecode.swift; path = Jobs.swift; sourceTree = "<group>"; };
		CFEDDC682BEFF6EF0064CF0F /* SectorProtocol.swift */ = {isa = PBXFileReference; lastKnownFileType = sourcecode.swift; path = SectorProtocol.swift; sourceTree = "<group>"; };
		CFEDDC6C2BEFF7560064CF0F /* JobProtocol.swift */ = {isa = PBXFileReference; lastKnownFileType = sourcecode.swift; path = JobProtocol.swift; sourceTree = "<group>"; };
		CFEDDC712BEFF8710064CF0F /* SectorService.swift */ = {isa = PBXFileReference; lastKnownFileType = sourcecode.swift; path = SectorService.swift; sourceTree = "<group>"; };
		CFEDDC732BEFF88A0064CF0F /* JobService.swift */ = {isa = PBXFileReference; lastKnownFileType = sourcecode.swift; path = JobService.swift; sourceTree = "<group>"; };
		CFEDDC752BF002100064CF0F /* JobDetail.swift */ = {isa = PBXFileReference; lastKnownFileType = sourcecode.swift; path = JobDetail.swift; sourceTree = "<group>"; };
/* End PBXFileReference section */

/* Begin PBXFrameworksBuildPhase section */
		CF62B3D72BDEA0B60020E29E /* Frameworks */ = {
			isa = PBXFrameworksBuildPhase;
			buildActionMask = 2147483647;
			files = (
				CF19D2E42BE6AC850090C7C7 /* GoogleMapsBase in Frameworks */,
				CF19D2ED2BE6ADF60090C7C7 /* FirebaseAnalyticsOnDeviceConversion in Frameworks */,
				CF19D2E62BE6AC850090C7C7 /* GoogleMapsCore in Frameworks */,
				CF19D2F62BE6B1AC0090C7C7 /* FirebaseFirestore in Frameworks */,
				CF19D2E22BE6AC850090C7C7 /* GoogleMaps in Frameworks */,
				CF19D2EF2BE6ADF60090C7C7 /* FirebaseAnalyticsSwift in Frameworks */,
				CF19D2EB2BE6ADF60090C7C7 /* FirebaseAnalytics in Frameworks */,
				CF19D2F82BE6B1C00090C7C7 /* FirebaseAuth in Frameworks */,
				CF19D2E82BE6AC850090C7C7 /* GoogleMapsM4B in Frameworks */,
				CF19D2F32BE6ADF60090C7C7 /* FirebaseAppCheck in Frameworks */,
				CF19D2F12BE6ADF60090C7C7 /* FirebaseAnalyticsWithoutAdIdSupport in Frameworks */,
			);
			runOnlyForDeploymentPostprocessing = 0;
		};
/* End PBXFrameworksBuildPhase section */

/* Begin PBXGroup section */
		CF16758B2BEB86210026A4C0 /* AdvertiseModels */ = {
			isa = PBXGroup;
			children = (
				CF16758C2BEB86320026A4C0 /* Advertise.swift */,
			);
			path = AdvertiseModels;
			sourceTree = "<group>";
		};
		CF16758E2BEB8A890026A4C0 /* AdvertiseService */ = {
			isa = PBXGroup;
			children = (
				CF1675922BEB8DA60026A4C0 /* AdvertiseService.swift */,
			);
			path = AdvertiseService;
			sourceTree = "<group>";
		};
		CF16758F2BEB8A9F0026A4C0 /* AdvertiseProtocols */ = {
			isa = PBXGroup;
			children = (
				CF1675902BEB8AB70026A4C0 /* AdvertiseProtocol.swift */,
			);
			path = AdvertiseProtocols;
			sourceTree = "<group>";
		};
		CF19D2F42BE6B1AC0090C7C7 /* Frameworks */ = {
			isa = PBXGroup;
			children = (
			);
			name = Frameworks;
			sourceTree = "<group>";
		};
		CF62B3D12BDEA0B60020E29E = {
			isa = PBXGroup;
			children = (
				CF62B3DC2BDEA0B60020E29E /* JobFinderApp */,
				CF62B3DB2BDEA0B60020E29E /* Products */,
				CF19D2F42BE6B1AC0090C7C7 /* Frameworks */,
			);
			sourceTree = "<group>";
		};
		CF62B3DB2BDEA0B60020E29E /* Products */ = {
			isa = PBXGroup;
			children = (
				CF62B3DA2BDEA0B60020E29E /* JobFinderApp.app */,
			);
			name = Products;
			sourceTree = "<group>";
		};
		CF62B3DC2BDEA0B60020E29E /* JobFinderApp */ = {
			isa = PBXGroup;
			children = (
				CF62B4092BDEB0760020E29E /* Protocols */,
				CF62B3F42BDEA3990020E29E /* Services */,
				CF62B3F32BDEA38B0020E29E /* Controllers */,
				CF62B3F22BDEA3850020E29E /* Models */,
				CF62B3F12BDEA37D0020E29E /* Views */,
				CF62B3DD2BDEA0B60020E29E /* AppDelegate.swift */,
				CF62B3DF2BDEA0B60020E29E /* SceneDelegate.swift */,
				CF62B3E62BDEA0B80020E29E /* Assets.xcassets */,
				CF62B3EB2BDEA0B80020E29E /* Info.plist */,
				CF62B4132BDEC6720020E29E /* GoogleService-Info.plist */,
			);
			path = JobFinderApp;
			sourceTree = "<group>";
		};
		CF62B3F12BDEA37D0020E29E /* Views */ = {
			isa = PBXGroup;
			children = (
				CF62B3E32BDEA0B60020E29E /* Main.storyboard */,
				CF62B3E82BDEA0B80020E29E /* LaunchScreen.storyboard */,
			);
			path = Views;
			sourceTree = "<group>";
		};
		CF62B3F22BDEA3850020E29E /* Models */ = {
			isa = PBXGroup;
			children = (
				CF1675942BEB93EE0026A4C0 /* GlobalVeriables.swift */,
				CFEDDC612BEFF15D0064CF0F /* JobModels */,
				CFEDDC5E2BEFEC780064CF0F /* SectorModels */,
				CF16758B2BEB86210026A4C0 /* AdvertiseModels */,
				CFAE83D92BE2C19C00999945 /* CompanyModels */,
				CF62B40C2BDEBE0F0020E29E /* UserModels */,
			);
			path = Models;
			sourceTree = "<group>";
		};
		CF62B3F32BDEA38B0020E29E /* Controllers */ = {
			isa = PBXGroup;
			children = (
				CF62B3F82BDEA4D70020E29E /* CompanyControllers */,
				CF62B3F72BDEA4CF0020E29E /* UserControllers */,
				CF62B3F52BDEA47A0020E29E /* DashboardViewController.swift */,
				CF1675892BE7C9870026A4C0 /* BaseNavigationController.swift */,
			);
			path = Controllers;
			sourceTree = "<group>";
		};
		CF62B3F42BDEA3990020E29E /* Services */ = {
			isa = PBXGroup;
			children = (
				CFEDDC652BEFF6A70064CF0F /* JobService */,
				CFEDDC642BEFF69C0064CF0F /* SectorService */,
				CF16758E2BEB8A890026A4C0 /* AdvertiseService */,
				CFAE83DC2BE2C3AB00999945 /* AuthService */,
			);
			path = Services;
			sourceTree = "<group>";
		};
		CF62B3F72BDEA4CF0020E29E /* UserControllers */ = {
			isa = PBXGroup;
			children = (
				CF62B3F92BDEA4F40020E29E /* UserLoginViewController.swift */,
				CF62B3FB2BDEA5030020E29E /* UserRegisterViewController.swift */,
				CF62B3FF2BDEAACE0020E29E /* UserHomeTabbarController.swift */,
				CF62B4012BDEAE510020E29E /* UserHomeViewController.swift */,
				CF62B4032BDEAE650020E29E /* UserFavoritesViewController.swift */,
				CF62B4052BDEAE8B0020E29E /* UserReportsViewController.swift */,
				CF62B4072BDEAE9B0020E29E /* UserProfileViewController.swift */,
			);
			path = UserControllers;
			sourceTree = "<group>";
		};
		CF62B3F82BDEA4D70020E29E /* CompanyControllers */ = {
			isa = PBXGroup;
			children = (
				CFAE83E32BE2C79900999945 /* CompanyLoginViewController.swift */,
				CFAE83E52BE2C7AA00999945 /* CompanyRegisterViewController.swift */,
				CFAE83E72BE2C7D600999945 /* CompanyHomeTabbarController.swift */,
				CFAE83E92BE2C86A00999945 /* CompanyAdvertiseViewController.swift */,
				CFAE83EB2BE2C89B00999945 /* CompanyJobApplicationViewController.swift */,
				CFAE83ED2BE2C8B100999945 /* CompanyReportsViewController.swift */,
				CFAE83EF2BE2C8C400999945 /* CompanyProfileViewController.swift */,
				CF9D92DA2BE67AFB00E50CA1 /* AdvertiseAddViewController.swift */,
			);
			path = CompanyControllers;
			sourceTree = "<group>";
		};
		CF62B4092BDEB0760020E29E /* Protocols */ = {
			isa = PBXGroup;
			children = (
				CFEDDC672BEFF6CA0064CF0F /* JobProtocols */,
				CFEDDC662BEFF6BB0064CF0F /* SectorProtocols */,
				CF16758F2BEB8A9F0026A4C0 /* AdvertiseProtocols */,
				CF62B40D2BDEBE1E0020E29E /* UserProtocols */,
			);
			path = Protocols;
			sourceTree = "<group>";
		};
		CF62B40C2BDEBE0F0020E29E /* UserModels */ = {
			isa = PBXGroup;
			children = (
				CF62B40A2BDEB0940020E29E /* User.swift */,
			);
			path = UserModels;
			sourceTree = "<group>";
		};
		CF62B40D2BDEBE1E0020E29E /* UserProtocols */ = {
			isa = PBXGroup;
			children = (
				CF62B40F2BDEBF5E0020E29E /* AuthProtocol.swift */,
			);
			path = UserProtocols;
			sourceTree = "<group>";
		};
		CFAE83D92BE2C19C00999945 /* CompanyModels */ = {
			isa = PBXGroup;
			children = (
				CFAE83DA2BE2C1B000999945 /* Company.swift */,
			);
			path = CompanyModels;
			sourceTree = "<group>";
		};
		CFAE83DC2BE2C3AB00999945 /* AuthService */ = {
			isa = PBXGroup;
			children = (
				CFAE83DD2BE2C3BC00999945 /* AuthService.swift */,
			);
			path = AuthService;
			sourceTree = "<group>";
		};
		CFEDDC5E2BEFEC780064CF0F /* SectorModels */ = {
			isa = PBXGroup;
			children = (
				CFEDDC5F2BEFEC8A0064CF0F /* Sector.swift */,
			);
			path = SectorModels;
			sourceTree = "<group>";
		};
		CFEDDC612BEFF15D0064CF0F /* JobModels */ = {
			isa = PBXGroup;
			children = (
				CFEDDC622BEFF16A0064CF0F /* Jobs.swift */,
				CFEDDC752BF002100064CF0F /* JobDetail.swift */,
			);
			path = JobModels;
			sourceTree = "<group>";
		};
		CFEDDC642BEFF69C0064CF0F /* SectorService */ = {
			isa = PBXGroup;
			children = (
				CFEDDC712BEFF8710064CF0F /* SectorService.swift */,
			);
			path = SectorService;
			sourceTree = "<group>";
		};
		CFEDDC652BEFF6A70064CF0F /* JobService */ = {
			isa = PBXGroup;
			children = (
				CFEDDC732BEFF88A0064CF0F /* JobService.swift */,
			);
			path = JobService;
			sourceTree = "<group>";
		};
		CFEDDC662BEFF6BB0064CF0F /* SectorProtocols */ = {
			isa = PBXGroup;
			children = (
				CFEDDC682BEFF6EF0064CF0F /* SectorProtocol.swift */,
			);
			path = SectorProtocols;
			sourceTree = "<group>";
		};
		CFEDDC672BEFF6CA0064CF0F /* JobProtocols */ = {
			isa = PBXGroup;
			children = (
				CFEDDC6C2BEFF7560064CF0F /* JobProtocol.swift */,
			);
			path = JobProtocols;
			sourceTree = "<group>";
		};
/* End PBXGroup section */

/* Begin PBXNativeTarget section */
		CF62B3D92BDEA0B60020E29E /* JobFinderApp */ = {
			isa = PBXNativeTarget;
			buildConfigurationList = CF62B3EE2BDEA0B80020E29E /* Build configuration list for PBXNativeTarget "JobFinderApp" */;
			buildPhases = (
				CF62B3D62BDEA0B60020E29E /* Sources */,
				CF62B3D72BDEA0B60020E29E /* Frameworks */,
				CF62B3D82BDEA0B60020E29E /* Resources */,
			);
			buildRules = (
			);
			dependencies = (
			);
			name = JobFinderApp;
			packageProductDependencies = (
				CF19D2E12BE6AC850090C7C7 /* GoogleMaps */,
				CF19D2E32BE6AC850090C7C7 /* GoogleMapsBase */,
				CF19D2E52BE6AC850090C7C7 /* GoogleMapsCore */,
				CF19D2E72BE6AC850090C7C7 /* GoogleMapsM4B */,
				CF19D2EA2BE6ADF60090C7C7 /* FirebaseAnalytics */,
				CF19D2EC2BE6ADF60090C7C7 /* FirebaseAnalyticsOnDeviceConversion */,
				CF19D2EE2BE6ADF60090C7C7 /* FirebaseAnalyticsSwift */,
				CF19D2F02BE6ADF60090C7C7 /* FirebaseAnalyticsWithoutAdIdSupport */,
				CF19D2F22BE6ADF60090C7C7 /* FirebaseAppCheck */,
				CF19D2F52BE6B1AC0090C7C7 /* FirebaseFirestore */,
				CF19D2F72BE6B1C00090C7C7 /* FirebaseAuth */,
			);
			productName = JobFinderApp;
			productReference = CF62B3DA2BDEA0B60020E29E /* JobFinderApp.app */;
			productType = "com.apple.product-type.application";
		};
/* End PBXNativeTarget section */

/* Begin PBXProject section */
		CF62B3D22BDEA0B60020E29E /* Project object */ = {
			isa = PBXProject;
			attributes = {
				BuildIndependentTargetsInParallel = 1;
				LastSwiftUpdateCheck = 1530;
				LastUpgradeCheck = 1530;
				TargetAttributes = {
					CF62B3D92BDEA0B60020E29E = {
						CreatedOnToolsVersion = 15.3;
					};
				};
			};
			buildConfigurationList = CF62B3D52BDEA0B60020E29E /* Build configuration list for PBXProject "JobFinderApp" */;
			compatibilityVersion = "Xcode 14.0";
			developmentRegion = en;
			hasScannedForEncodings = 0;
			knownRegions = (
				en,
				Base,
			);
			mainGroup = CF62B3D12BDEA0B60020E29E;
			packageReferences = (
				CF19D2E02BE6AC850090C7C7 /* XCRemoteSwiftPackageReference "ios-maps-sdk" */,
				CF19D2E92BE6ADF60090C7C7 /* XCRemoteSwiftPackageReference "firebase-ios-sdk" */,
			);
			productRefGroup = CF62B3DB2BDEA0B60020E29E /* Products */;
			projectDirPath = "";
			projectRoot = "";
			targets = (
				CF62B3D92BDEA0B60020E29E /* JobFinderApp */,
			);
		};
/* End PBXProject section */

/* Begin PBXResourcesBuildPhase section */
		CF62B3D82BDEA0B60020E29E /* Resources */ = {
			isa = PBXResourcesBuildPhase;
			buildActionMask = 2147483647;
			files = (
				CF62B3E72BDEA0B80020E29E /* Assets.xcassets in Resources */,
				CF62B4142BDEC6720020E29E /* GoogleService-Info.plist in Resources */,
				CF62B3EA2BDEA0B80020E29E /* Base in Resources */,
				CF62B3E52BDEA0B60020E29E /* Base in Resources */,
			);
			runOnlyForDeploymentPostprocessing = 0;
		};
/* End PBXResourcesBuildPhase section */

/* Begin PBXSourcesBuildPhase section */
		CF62B3D62BDEA0B60020E29E /* Sources */ = {
			isa = PBXSourcesBuildPhase;
			buildActionMask = 2147483647;
			files = (
				CFEDDC762BF002100064CF0F /* JobDetail.swift in Sources */,
				CF16758A2BE7C9870026A4C0 /* BaseNavigationController.swift in Sources */,
				CFEDDC742BEFF88A0064CF0F /* JobService.swift in Sources */,
				CFEDDC6D2BEFF7560064CF0F /* JobProtocol.swift in Sources */,
				CF16758D2BEB86320026A4C0 /* Advertise.swift in Sources */,
				CF62B4022BDEAE510020E29E /* UserHomeViewController.swift in Sources */,
				CFAE83E62BE2C7AA00999945 /* CompanyRegisterViewController.swift in Sources */,
				CF62B4102BDEBF5E0020E29E /* AuthProtocol.swift in Sources */,
				CF62B4082BDEAE9B0020E29E /* UserProfileViewController.swift in Sources */,
				CF62B3DE2BDEA0B60020E29E /* AppDelegate.swift in Sources */,
				CF62B3F62BDEA47A0020E29E /* DashboardViewController.swift in Sources */,
				CFAE83F02BE2C8C400999945 /* CompanyProfileViewController.swift in Sources */,
				CFAE83EA2BE2C86A00999945 /* CompanyAdvertiseViewController.swift in Sources */,
				CFAE83E82BE2C7D600999945 /* CompanyHomeTabbarController.swift in Sources */,
				CF62B3FC2BDEA5030020E29E /* UserRegisterViewController.swift in Sources */,
				CF62B3E02BDEA0B60020E29E /* SceneDelegate.swift in Sources */,
				CFEDDC632BEFF16A0064CF0F /* Jobs.swift in Sources */,
				CFEDDC722BEFF8710064CF0F /* SectorService.swift in Sources */,
				CF62B3FA2BDEA4F50020E29E /* UserLoginViewController.swift in Sources */,
				CF62B4062BDEAE8B0020E29E /* UserReportsViewController.swift in Sources */,
				CF1675912BEB8AB70026A4C0 /* AdvertiseProtocol.swift in Sources */,
				CFAE83E42BE2C79900999945 /* CompanyLoginViewController.swift in Sources */,
				CF1675932BEB8DA60026A4C0 /* AdvertiseService.swift in Sources */,
				CF1675952BEB93EE0026A4C0 /* GlobalVeriables.swift in Sources */,
				CF62B4002BDEAACE0020E29E /* UserHomeTabbarController.swift in Sources */,
				CFEDDC692BEFF6EF0064CF0F /* SectorProtocol.swift in Sources */,
				CFAE83DB2BE2C1B000999945 /* Company.swift in Sources */,
				CFAE83EC2BE2C89B00999945 /* CompanyJobApplicationViewController.swift in Sources */,
				CFAE83DE2BE2C3BC00999945 /* AuthService.swift in Sources */,
				CFEDDC602BEFEC8A0064CF0F /* Sector.swift in Sources */,
				CF62B4042BDEAE650020E29E /* UserFavoritesViewController.swift in Sources */,
				CFAE83EE2BE2C8B200999945 /* CompanyReportsViewController.swift in Sources */,
				CF9D92DB2BE67AFB00E50CA1 /* AdvertiseAddViewController.swift in Sources */,
				CF62B40B2BDEB0940020E29E /* User.swift in Sources */,
			);
			runOnlyForDeploymentPostprocessing = 0;
		};
/* End PBXSourcesBuildPhase section */

/* Begin PBXVariantGroup section */
		CF62B3E32BDEA0B60020E29E /* Main.storyboard */ = {
			isa = PBXVariantGroup;
			children = (
				CF62B3E42BDEA0B60020E29E /* Base */,
			);
			name = Main.storyboard;
			sourceTree = "<group>";
		};
		CF62B3E82BDEA0B80020E29E /* LaunchScreen.storyboard */ = {
			isa = PBXVariantGroup;
			children = (
				CF62B3E92BDEA0B80020E29E /* Base */,
			);
			name = LaunchScreen.storyboard;
			sourceTree = "<group>";
		};
/* End PBXVariantGroup section */

/* Begin XCBuildConfiguration section */
		CF62B3EC2BDEA0B80020E29E /* Debug */ = {
			isa = XCBuildConfiguration;
			buildSettings = {
				ALWAYS_SEARCH_USER_PATHS = NO;
				ASSETCATALOG_COMPILER_GENERATE_SWIFT_ASSET_SYMBOL_EXTENSIONS = YES;
				CLANG_ANALYZER_NONNULL = YES;
				CLANG_ANALYZER_NUMBER_OBJECT_CONVERSION = YES_AGGRESSIVE;
				CLANG_CXX_LANGUAGE_STANDARD = "gnu++20";
				CLANG_ENABLE_MODULES = YES;
				CLANG_ENABLE_OBJC_ARC = YES;
				CLANG_ENABLE_OBJC_WEAK = YES;
				CLANG_WARN_BLOCK_CAPTURE_AUTORELEASING = YES;
				CLANG_WARN_BOOL_CONVERSION = YES;
				CLANG_WARN_COMMA = YES;
				CLANG_WARN_CONSTANT_CONVERSION = YES;
				CLANG_WARN_DEPRECATED_OBJC_IMPLEMENTATIONS = YES;
				CLANG_WARN_DIRECT_OBJC_ISA_USAGE = YES_ERROR;
				CLANG_WARN_DOCUMENTATION_COMMENTS = YES;
				CLANG_WARN_EMPTY_BODY = YES;
				CLANG_WARN_ENUM_CONVERSION = YES;
				CLANG_WARN_INFINITE_RECURSION = YES;
				CLANG_WARN_INT_CONVERSION = YES;
				CLANG_WARN_NON_LITERAL_NULL_CONVERSION = YES;
				CLANG_WARN_OBJC_IMPLICIT_RETAIN_SELF = YES;
				CLANG_WARN_OBJC_LITERAL_CONVERSION = YES;
				CLANG_WARN_OBJC_ROOT_CLASS = YES_ERROR;
				CLANG_WARN_QUOTED_INCLUDE_IN_FRAMEWORK_HEADER = YES;
				CLANG_WARN_RANGE_LOOP_ANALYSIS = YES;
				CLANG_WARN_STRICT_PROTOTYPES = YES;
				CLANG_WARN_SUSPICIOUS_MOVE = YES;
				CLANG_WARN_UNGUARDED_AVAILABILITY = YES_AGGRESSIVE;
				CLANG_WARN_UNREACHABLE_CODE = YES;
				CLANG_WARN__DUPLICATE_METHOD_MATCH = YES;
				COPY_PHASE_STRIP = NO;
				DEBUG_INFORMATION_FORMAT = dwarf;
				ENABLE_STRICT_OBJC_MSGSEND = YES;
				ENABLE_TESTABILITY = YES;
				ENABLE_USER_SCRIPT_SANDBOXING = YES;
				GCC_C_LANGUAGE_STANDARD = gnu17;
				GCC_DYNAMIC_NO_PIC = NO;
				GCC_NO_COMMON_BLOCKS = YES;
				GCC_OPTIMIZATION_LEVEL = 0;
				GCC_PREPROCESSOR_DEFINITIONS = (
					"DEBUG=1",
					"$(inherited)",
				);
				GCC_WARN_64_TO_32_BIT_CONVERSION = YES;
				GCC_WARN_ABOUT_RETURN_TYPE = YES_ERROR;
				GCC_WARN_UNDECLARED_SELECTOR = YES;
				GCC_WARN_UNINITIALIZED_AUTOS = YES_AGGRESSIVE;
				GCC_WARN_UNUSED_FUNCTION = YES;
				GCC_WARN_UNUSED_VARIABLE = YES;
				IPHONEOS_DEPLOYMENT_TARGET = 17.4;
				LOCALIZATION_PREFERS_STRING_CATALOGS = YES;
				MTL_ENABLE_DEBUG_INFO = INCLUDE_SOURCE;
				MTL_FAST_MATH = YES;
				ONLY_ACTIVE_ARCH = YES;
				SDKROOT = iphoneos;
				SWIFT_ACTIVE_COMPILATION_CONDITIONS = "DEBUG $(inherited)";
				SWIFT_OPTIMIZATION_LEVEL = "-Onone";
			};
			name = Debug;
		};
		CF62B3ED2BDEA0B80020E29E /* Release */ = {
			isa = XCBuildConfiguration;
			buildSettings = {
				ALWAYS_SEARCH_USER_PATHS = NO;
				ASSETCATALOG_COMPILER_GENERATE_SWIFT_ASSET_SYMBOL_EXTENSIONS = YES;
				CLANG_ANALYZER_NONNULL = YES;
				CLANG_ANALYZER_NUMBER_OBJECT_CONVERSION = YES_AGGRESSIVE;
				CLANG_CXX_LANGUAGE_STANDARD = "gnu++20";
				CLANG_ENABLE_MODULES = YES;
				CLANG_ENABLE_OBJC_ARC = YES;
				CLANG_ENABLE_OBJC_WEAK = YES;
				CLANG_WARN_BLOCK_CAPTURE_AUTORELEASING = YES;
				CLANG_WARN_BOOL_CONVERSION = YES;
				CLANG_WARN_COMMA = YES;
				CLANG_WARN_CONSTANT_CONVERSION = YES;
				CLANG_WARN_DEPRECATED_OBJC_IMPLEMENTATIONS = YES;
				CLANG_WARN_DIRECT_OBJC_ISA_USAGE = YES_ERROR;
				CLANG_WARN_DOCUMENTATION_COMMENTS = YES;
				CLANG_WARN_EMPTY_BODY = YES;
				CLANG_WARN_ENUM_CONVERSION = YES;
				CLANG_WARN_INFINITE_RECURSION = YES;
				CLANG_WARN_INT_CONVERSION = YES;
				CLANG_WARN_NON_LITERAL_NULL_CONVERSION = YES;
				CLANG_WARN_OBJC_IMPLICIT_RETAIN_SELF = YES;
				CLANG_WARN_OBJC_LITERAL_CONVERSION = YES;
				CLANG_WARN_OBJC_ROOT_CLASS = YES_ERROR;
				CLANG_WARN_QUOTED_INCLUDE_IN_FRAMEWORK_HEADER = YES;
				CLANG_WARN_RANGE_LOOP_ANALYSIS = YES;
				CLANG_WARN_STRICT_PROTOTYPES = YES;
				CLANG_WARN_SUSPICIOUS_MOVE = YES;
				CLANG_WARN_UNGUARDED_AVAILABILITY = YES_AGGRESSIVE;
				CLANG_WARN_UNREACHABLE_CODE = YES;
				CLANG_WARN__DUPLICATE_METHOD_MATCH = YES;
				COPY_PHASE_STRIP = NO;
				DEBUG_INFORMATION_FORMAT = "dwarf-with-dsym";
				ENABLE_NS_ASSERTIONS = NO;
				ENABLE_STRICT_OBJC_MSGSEND = YES;
				ENABLE_USER_SCRIPT_SANDBOXING = YES;
				GCC_C_LANGUAGE_STANDARD = gnu17;
				GCC_NO_COMMON_BLOCKS = YES;
				GCC_WARN_64_TO_32_BIT_CONVERSION = YES;
				GCC_WARN_ABOUT_RETURN_TYPE = YES_ERROR;
				GCC_WARN_UNDECLARED_SELECTOR = YES;
				GCC_WARN_UNINITIALIZED_AUTOS = YES_AGGRESSIVE;
				GCC_WARN_UNUSED_FUNCTION = YES;
				GCC_WARN_UNUSED_VARIABLE = YES;
				IPHONEOS_DEPLOYMENT_TARGET = 17.4;
				LOCALIZATION_PREFERS_STRING_CATALOGS = YES;
				MTL_ENABLE_DEBUG_INFO = NO;
				MTL_FAST_MATH = YES;
				SDKROOT = iphoneos;
				SWIFT_COMPILATION_MODE = wholemodule;
				VALIDATE_PRODUCT = YES;
			};
			name = Release;
		};
		CF62B3EF2BDEA0B80020E29E /* Debug */ = {
			isa = XCBuildConfiguration;
			buildSettings = {
				ASSETCATALOG_COMPILER_APPICON_NAME = AppIcon;
				ASSETCATALOG_COMPILER_GLOBAL_ACCENT_COLOR_NAME = AccentColor;
				CODE_SIGN_IDENTITY = "Apple Development";
				CODE_SIGN_STYLE = Automatic;
				CURRENT_PROJECT_VERSION = 1;
				DEVELOPMENT_TEAM = 7KH7VSW3F9;
				ENABLE_USER_SCRIPT_SANDBOXING = NO;
				GENERATE_INFOPLIST_FILE = YES;
				HEADER_SEARCH_PATHS = (
					"$(inherited)",
					"\"${PODS_CONFIGURATION_BUILD_DIR}/BoringSSL-GRPC/openssl_grpc.framework/Headers\"",
					"\"${PODS_CONFIGURATION_BUILD_DIR}/FirebaseAppCheckInterop/FirebaseAppCheckInterop.framework/Headers\"",
					"\"${PODS_CONFIGURATION_BUILD_DIR}/FirebaseAuth/FirebaseAuth.framework/Headers\"",
					"\"${PODS_CONFIGURATION_BUILD_DIR}/FirebaseCore/FirebaseCore.framework/Headers\"",
					"\"${PODS_CONFIGURATION_BUILD_DIR}/FirebaseCoreExtension/FirebaseCoreExtension.framework/Headers\"",
					"\"${PODS_CONFIGURATION_BUILD_DIR}/FirebaseCoreInternal/FirebaseCoreInternal.framework/Headers\"",
					"\"${PODS_CONFIGURATION_BUILD_DIR}/FirebaseFirestore/FirebaseFirestore.framework/Headers\"",
					"\"${PODS_CONFIGURATION_BUILD_DIR}/FirebaseFirestoreInternal/FirebaseFirestoreInternal.framework/Headers\"",
					"\"${PODS_CONFIGURATION_BUILD_DIR}/FirebaseInstallations/FirebaseInstallations.framework/Headers\"",
					"\"${PODS_CONFIGURATION_BUILD_DIR}/FirebaseSharedSwift/FirebaseSharedSwift.framework/Headers\"",
					"\"${PODS_CONFIGURATION_BUILD_DIR}/GTMSessionFetcher/GTMSessionFetcher.framework/Headers\"",
					"\"${PODS_CONFIGURATION_BUILD_DIR}/GoogleUtilities/GoogleUtilities.framework/Headers\"",
					"\"${PODS_CONFIGURATION_BUILD_DIR}/PromisesObjC/FBLPromises.framework/Headers\"",
					"\"${PODS_CONFIGURATION_BUILD_DIR}/RecaptchaInterop/RecaptchaInterop.framework/Headers\"",
					"\"${PODS_CONFIGURATION_BUILD_DIR}/abseil/absl.framework/Headers\"",
					"\"${PODS_CONFIGURATION_BUILD_DIR}/gRPC-C++/grpcpp.framework/Headers\"",
					"\"${PODS_CONFIGURATION_BUILD_DIR}/gRPC-Core/grpc.framework/Headers\"",
					"\"${PODS_CONFIGURATION_BUILD_DIR}/leveldb-library/leveldb.framework/Headers\"",
					"\"${PODS_CONFIGURATION_BUILD_DIR}/nanopb/nanopb.framework/Headers\"",
					"\"${PODS_ROOT}/Headers/Public\"",
					"\"${PODS_ROOT}/Headers/Public/GoogleMaps\"",
					"\"${PODS_ROOT}/Headers/Public/GooglePlaces\"",
				);
				INFOPLIST_FILE = JobFinderApp/Info.plist;
				INFOPLIST_KEY_UIApplicationSupportsIndirectInputEvents = YES;
				INFOPLIST_KEY_UILaunchStoryboardName = LaunchScreen;
				INFOPLIST_KEY_UIMainStoryboardFile = Main;
				INFOPLIST_KEY_UISupportedInterfaceOrientations = UIInterfaceOrientationPortrait;
				INFOPLIST_KEY_UISupportedInterfaceOrientations_iPad = "UIInterfaceOrientationPortrait UIInterfaceOrientationPortraitUpsideDown";
				LD_RUNPATH_SEARCH_PATHS = (
					"$(inherited)",
					"@executable_path/Frameworks",
				);
				MARKETING_VERSION = 1.0;
				PRODUCT_BUNDLE_IDENTIFIER = com.musti.JobFinderApp;
				PRODUCT_NAME = "$(TARGET_NAME)";
				PROVISIONING_PROFILE_SPECIFIER = "";
				SUPPORTED_PLATFORMS = "iphoneos iphonesimulator";
				SUPPORTS_MACCATALYST = NO;
				SUPPORTS_XR_DESIGNED_FOR_IPHONE_IPAD = NO;
				SWIFT_EMIT_LOC_STRINGS = YES;
				SWIFT_VERSION = 5.0;
				TARGETED_DEVICE_FAMILY = "1,2";
			};
			name = Debug;
		};
		CF62B3F02BDEA0B80020E29E /* Release */ = {
			isa = XCBuildConfiguration;
			buildSettings = {
				ASSETCATALOG_COMPILER_APPICON_NAME = AppIcon;
				ASSETCATALOG_COMPILER_GLOBAL_ACCENT_COLOR_NAME = AccentColor;
				CODE_SIGN_IDENTITY = "Apple Development";
				CODE_SIGN_STYLE = Automatic;
				CURRENT_PROJECT_VERSION = 1;
				DEVELOPMENT_TEAM = 7KH7VSW3F9;
				ENABLE_USER_SCRIPT_SANDBOXING = NO;
				GENERATE_INFOPLIST_FILE = YES;
				HEADER_SEARCH_PATHS = (
					"$(inherited)",
					"\"${PODS_CONFIGURATION_BUILD_DIR}/BoringSSL-GRPC/openssl_grpc.framework/Headers\"",
					"\"${PODS_CONFIGURATION_BUILD_DIR}/FirebaseAppCheckInterop/FirebaseAppCheckInterop.framework/Headers\"",
					"\"${PODS_CONFIGURATION_BUILD_DIR}/FirebaseAuth/FirebaseAuth.framework/Headers\"",
					"\"${PODS_CONFIGURATION_BUILD_DIR}/FirebaseCore/FirebaseCore.framework/Headers\"",
					"\"${PODS_CONFIGURATION_BUILD_DIR}/FirebaseCoreExtension/FirebaseCoreExtension.framework/Headers\"",
					"\"${PODS_CONFIGURATION_BUILD_DIR}/FirebaseCoreInternal/FirebaseCoreInternal.framework/Headers\"",
					"\"${PODS_CONFIGURATION_BUILD_DIR}/FirebaseFirestore/FirebaseFirestore.framework/Headers\"",
					"\"${PODS_CONFIGURATION_BUILD_DIR}/FirebaseFirestoreInternal/FirebaseFirestoreInternal.framework/Headers\"",
					"\"${PODS_CONFIGURATION_BUILD_DIR}/FirebaseInstallations/FirebaseInstallations.framework/Headers\"",
					"\"${PODS_CONFIGURATION_BUILD_DIR}/FirebaseSharedSwift/FirebaseSharedSwift.framework/Headers\"",
					"\"${PODS_CONFIGURATION_BUILD_DIR}/GTMSessionFetcher/GTMSessionFetcher.framework/Headers\"",
					"\"${PODS_CONFIGURATION_BUILD_DIR}/GoogleUtilities/GoogleUtilities.framework/Headers\"",
					"\"${PODS_CONFIGURATION_BUILD_DIR}/PromisesObjC/FBLPromises.framework/Headers\"",
					"\"${PODS_CONFIGURATION_BUILD_DIR}/RecaptchaInterop/RecaptchaInterop.framework/Headers\"",
					"\"${PODS_CONFIGURATION_BUILD_DIR}/abseil/absl.framework/Headers\"",
					"\"${PODS_CONFIGURATION_BUILD_DIR}/gRPC-C++/grpcpp.framework/Headers\"",
					"\"${PODS_CONFIGURATION_BUILD_DIR}/gRPC-Core/grpc.framework/Headers\"",
					"\"${PODS_CONFIGURATION_BUILD_DIR}/leveldb-library/leveldb.framework/Headers\"",
					"\"${PODS_CONFIGURATION_BUILD_DIR}/nanopb/nanopb.framework/Headers\"",
					"\"${PODS_ROOT}/Headers/Public\"",
					"\"${PODS_ROOT}/Headers/Public/GoogleMaps\"",
					"\"${PODS_ROOT}/Headers/Public/GooglePlaces\"",
				);
				INFOPLIST_FILE = JobFinderApp/Info.plist;
				INFOPLIST_KEY_UIApplicationSupportsIndirectInputEvents = YES;
				INFOPLIST_KEY_UILaunchStoryboardName = LaunchScreen;
				INFOPLIST_KEY_UIMainStoryboardFile = Main;
				INFOPLIST_KEY_UISupportedInterfaceOrientations = UIInterfaceOrientationPortrait;
				INFOPLIST_KEY_UISupportedInterfaceOrientations_iPad = "UIInterfaceOrientationPortrait UIInterfaceOrientationPortraitUpsideDown";
				LD_RUNPATH_SEARCH_PATHS = (
					"$(inherited)",
					"@executable_path/Frameworks",
				);
				MARKETING_VERSION = 1.0;
				PRODUCT_BUNDLE_IDENTIFIER = com.musti.JobFinderApp;
				PRODUCT_NAME = "$(TARGET_NAME)";
				PROVISIONING_PROFILE_SPECIFIER = "";
				SUPPORTED_PLATFORMS = "iphoneos iphonesimulator";
				SUPPORTS_MACCATALYST = NO;
				SUPPORTS_XR_DESIGNED_FOR_IPHONE_IPAD = NO;
				SWIFT_EMIT_LOC_STRINGS = YES;
				SWIFT_VERSION = 5.0;
				TARGETED_DEVICE_FAMILY = "1,2";
			};
			name = Release;
		};
/* End XCBuildConfiguration section */

/* Begin XCConfigurationList section */
		CF62B3D52BDEA0B60020E29E /* Build configuration list for PBXProject "JobFinderApp" */ = {
			isa = XCConfigurationList;
			buildConfigurations = (
				CF62B3EC2BDEA0B80020E29E /* Debug */,
				CF62B3ED2BDEA0B80020E29E /* Release */,
			);
			defaultConfigurationIsVisible = 0;
			defaultConfigurationName = Release;
		};
		CF62B3EE2BDEA0B80020E29E /* Build configuration list for PBXNativeTarget "JobFinderApp" */ = {
			isa = XCConfigurationList;
			buildConfigurations = (
				CF62B3EF2BDEA0B80020E29E /* Debug */,
				CF62B3F02BDEA0B80020E29E /* Release */,
			);
			defaultConfigurationIsVisible = 0;
			defaultConfigurationName = Release;
		};
/* End XCConfigurationList section */

/* Begin XCRemoteSwiftPackageReference section */
		CF19D2E02BE6AC850090C7C7 /* XCRemoteSwiftPackageReference "ios-maps-sdk" */ = {
			isa = XCRemoteSwiftPackageReference;
			repositoryURL = "https://github.com/googlemaps/ios-maps-sdk";
			requirement = {
				kind = upToNextMajorVersion;
				minimumVersion = 8.4.0;
			};
		};
		CF19D2E92BE6ADF60090C7C7 /* XCRemoteSwiftPackageReference "firebase-ios-sdk" */ = {
			isa = XCRemoteSwiftPackageReference;
			repositoryURL = "https://github.com/firebase/firebase-ios-sdk.git";
			requirement = {
				kind = upToNextMajorVersion;
				minimumVersion = 10.25.0;
			};
		};
/* End XCRemoteSwiftPackageReference section */

/* Begin XCSwiftPackageProductDependency section */
		CF19D2E12BE6AC850090C7C7 /* GoogleMaps */ = {
			isa = XCSwiftPackageProductDependency;
			package = CF19D2E02BE6AC850090C7C7 /* XCRemoteSwiftPackageReference "ios-maps-sdk" */;
			productName = GoogleMaps;
		};
		CF19D2E32BE6AC850090C7C7 /* GoogleMapsBase */ = {
			isa = XCSwiftPackageProductDependency;
			package = CF19D2E02BE6AC850090C7C7 /* XCRemoteSwiftPackageReference "ios-maps-sdk" */;
			productName = GoogleMapsBase;
		};
		CF19D2E52BE6AC850090C7C7 /* GoogleMapsCore */ = {
			isa = XCSwiftPackageProductDependency;
			package = CF19D2E02BE6AC850090C7C7 /* XCRemoteSwiftPackageReference "ios-maps-sdk" */;
			productName = GoogleMapsCore;
		};
		CF19D2E72BE6AC850090C7C7 /* GoogleMapsM4B */ = {
			isa = XCSwiftPackageProductDependency;
			package = CF19D2E02BE6AC850090C7C7 /* XCRemoteSwiftPackageReference "ios-maps-sdk" */;
			productName = GoogleMapsM4B;
		};
		CF19D2EA2BE6ADF60090C7C7 /* FirebaseAnalytics */ = {
			isa = XCSwiftPackageProductDependency;
			package = CF19D2E92BE6ADF60090C7C7 /* XCRemoteSwiftPackageReference "firebase-ios-sdk" */;
			productName = FirebaseAnalytics;
		};
		CF19D2EC2BE6ADF60090C7C7 /* FirebaseAnalyticsOnDeviceConversion */ = {
			isa = XCSwiftPackageProductDependency;
			package = CF19D2E92BE6ADF60090C7C7 /* XCRemoteSwiftPackageReference "firebase-ios-sdk" */;
			productName = FirebaseAnalyticsOnDeviceConversion;
		};
		CF19D2EE2BE6ADF60090C7C7 /* FirebaseAnalyticsSwift */ = {
			isa = XCSwiftPackageProductDependency;
			package = CF19D2E92BE6ADF60090C7C7 /* XCRemoteSwiftPackageReference "firebase-ios-sdk" */;
			productName = FirebaseAnalyticsSwift;
		};
		CF19D2F02BE6ADF60090C7C7 /* FirebaseAnalyticsWithoutAdIdSupport */ = {
			isa = XCSwiftPackageProductDependency;
			package = CF19D2E92BE6ADF60090C7C7 /* XCRemoteSwiftPackageReference "firebase-ios-sdk" */;
			productName = FirebaseAnalyticsWithoutAdIdSupport;
		};
		CF19D2F22BE6ADF60090C7C7 /* FirebaseAppCheck */ = {
			isa = XCSwiftPackageProductDependency;
			package = CF19D2E92BE6ADF60090C7C7 /* XCRemoteSwiftPackageReference "firebase-ios-sdk" */;
			productName = FirebaseAppCheck;
		};
		CF19D2F52BE6B1AC0090C7C7 /* FirebaseFirestore */ = {
			isa = XCSwiftPackageProductDependency;
			package = CF19D2E92BE6ADF60090C7C7 /* XCRemoteSwiftPackageReference "firebase-ios-sdk" */;
			productName = FirebaseFirestore;
		};
		CF19D2F72BE6B1C00090C7C7 /* FirebaseAuth */ = {
			isa = XCSwiftPackageProductDependency;
			package = CF19D2E92BE6ADF60090C7C7 /* XCRemoteSwiftPackageReference "firebase-ios-sdk" */;
			productName = FirebaseAuth;
		};
/* End XCSwiftPackageProductDependency section */
	};
	rootObject = CF62B3D22BDEA0B60020E29E /* Project object */;
}
